
Microsoft Visual Studio Solution File, Format Version 12.00
# Visual Studio Version 17
VisualStudioVersion = 17.4.33205.214
MinimumVisualStudioVersion = 10.0.40219.1
Project("{FAE04EC0-301F-11D3-BF4B-00C04F79EFBC}") = "Bowling", "Bowling.csproj", "{0C4A5A08-8D23-4A39-A1B8-8A6502FFA413}"
EndProject
Global
	GlobalSection(SolutionConfigurationPlatforms) = preSolution
		Debug|Any CPU = Debug|Any CPU
		Release|Any CPU = Release|Any CPU
	EndGlobalSection
	GlobalSection(ProjectConfigurationPlatforms) = postSolution
		{0C4A5A08-8D23-4A39-A1B8-8A6502FFA413}.Debug|Any CPU.ActiveCfg = Debug|Any CPU
		{0C4A5A08-8D23-4A39-A1B8-8A6502FFA413}.Debug|Any CPU.Build.0 = Debug|Any CPU
		{0C4A5A08-8D23-4A39-A1B8-8A6502FFA413}.Release|Any CPU.ActiveCfg = Release|Any CPU
		{0C4A5A08-8D23-4A39-A1B8-8A6502FFA413}.Release|Any CPU.Build.0 = Release|Any CPU
	EndGlobalSection
	GlobalSection(SolutionProperties) = preSolution
		HideSolutionNode = FALSE
	EndGlobalSection
	GlobalSection(ExtensibilityGlobals) = postSolution
		SolutionGuid = {A103C9F5-2166-4A99-A9AD-1512EE7AAECC}
	EndGlobalSection
EndGlobal
